
Microsoft Visual Studio Solution File, Format Version 12.00
# Visual Studio 2013
VisualStudioVersion = 12.0.31101.0
MinimumVisualStudioVersion = 10.0.40219.1
Project("{2150E333-8FDC-42A3-9474-1A3956D46DE8}") = "NuGet", "NuGet", "{BD969484-D86E-43BE-89D3-60F30AFC94C1}"
	ProjectSection(SolutionItems) = preProject
		NuGet\_._ = NuGet\_._
	EndProjectSection
EndProject
Project("{2150E333-8FDC-42A3-9474-1A3956D46DE8}") = "IKVM", "IKVM", "{B9950EBD-1DA8-495F-B4EE-ACE590F98553}"
	ProjectSection(SolutionItems) = preProject
		ikvm-8.1.5561\LICENSE = ikvm-8.1.5561\LICENSE
		ikvm-8.1.5561\THIRD_PARTY_README = ikvm-8.1.5561\THIRD_PARTY_README
		ikvm-8.1.5561\TRADEMARK = ikvm-8.1.5561\TRADEMARK
	EndProjectSection
EndProject
Project("{2150E333-8FDC-42A3-9474-1A3956D46DE8}") = "bin", "bin", "{80C5335C-6262-4A50-B4C4-CFF46F4AD2C7}"
	ProjectSection(SolutionItems) = preProject
		ikvm-8.1.5561\bin\ICSharpCode.SharpZipLib.dll = ikvm-8.1.5561\bin\ICSharpCode.SharpZipLib.dll
		ikvm-8.1.5561\bin\ikvm-native-win32-x64.dll = ikvm-8.1.5561\bin\ikvm-native-win32-x64.dll
		ikvm-8.1.5561\bin\ikvm-native-win32-x86.dll = ikvm-8.1.5561\bin\ikvm-native-win32-x86.dll
		ikvm-8.1.5561\bin\IKVM.AWT.WinForms.dll = ikvm-8.1.5561\bin\IKVM.AWT.WinForms.dll
		ikvm-8.1.5561\bin\ikvm.exe = ikvm-8.1.5561\bin\ikvm.exe
		ikvm-8.1.5561\bin\ikvm.exe.config = ikvm-8.1.5561\bin\ikvm.exe.config
		ikvm-8.1.5561\bin\ikvm.exe.manifest = ikvm-8.1.5561\bin\ikvm.exe.manifest
		ikvm-8.1.5561\bin\IKVM.OpenJDK.Beans.dll = ikvm-8.1.5561\bin\IKVM.OpenJDK.Beans.dll
		ikvm-8.1.5561\bin\IKVM.OpenJDK.Charsets.dll = ikvm-8.1.5561\bin\IKVM.OpenJDK.Charsets.dll
		ikvm-8.1.5561\bin\IKVM.OpenJDK.Cldrdata.dll = ikvm-8.1.5561\bin\IKVM.OpenJDK.Cldrdata.dll
		ikvm-8.1.5561\bin\IKVM.OpenJDK.Corba.dll = ikvm-8.1.5561\bin\IKVM.OpenJDK.Corba.dll
		ikvm-8.1.5561\bin\IKVM.OpenJDK.Core.dll = ikvm-8.1.5561\bin\IKVM.OpenJDK.Core.dll
		ikvm-8.1.5561\bin\IKVM.OpenJDK.Jdbc.dll = ikvm-8.1.5561\bin\IKVM.OpenJDK.Jdbc.dll
		ikvm-8.1.5561\bin\IKVM.OpenJDK.Localedata.dll = ikvm-8.1.5561\bin\IKVM.OpenJDK.Localedata.dll
		ikvm-8.1.5561\bin\IKVM.OpenJDK.Management.dll = ikvm-8.1.5561\bin\IKVM.OpenJDK.Management.dll
		ikvm-8.1.5561\bin\IKVM.OpenJDK.Media.dll = ikvm-8.1.5561\bin\IKVM.OpenJDK.Media.dll
		ikvm-8.1.5561\bin\IKVM.OpenJDK.Misc.dll = ikvm-8.1.5561\bin\IKVM.OpenJDK.Misc.dll
		ikvm-8.1.5561\bin\IKVM.OpenJDK.Naming.dll = ikvm-8.1.5561\bin\IKVM.OpenJDK.Naming.dll
		ikvm-8.1.5561\bin\IKVM.OpenJDK.Nashorn.dll = ikvm-8.1.5561\bin\IKVM.OpenJDK.Nashorn.dll
		ikvm-8.1.5561\bin\IKVM.OpenJDK.Remoting.dll = ikvm-8.1.5561\bin\IKVM.OpenJDK.Remoting.dll
		ikvm-8.1.5561\bin\IKVM.OpenJDK.Security.dll = ikvm-8.1.5561\bin\IKVM.OpenJDK.Security.dll
		ikvm-8.1.5561\bin\IKVM.OpenJDK.SwingAWT.dll = ikvm-8.1.5561\bin\IKVM.OpenJDK.SwingAWT.dll
		ikvm-8.1.5561\bin\IKVM.OpenJDK.Text.dll = ikvm-8.1.5561\bin\IKVM.OpenJDK.Text.dll
		ikvm-8.1.5561\bin\IKVM.OpenJDK.Tools.dll = ikvm-8.1.5561\bin\IKVM.OpenJDK.Tools.dll
		ikvm-8.1.5561\bin\IKVM.OpenJDK.Util.dll = ikvm-8.1.5561\bin\IKVM.OpenJDK.Util.dll
		ikvm-8.1.5561\bin\IKVM.OpenJDK.XML.API.dll = ikvm-8.1.5561\bin\IKVM.OpenJDK.XML.API.dll
		ikvm-8.1.5561\bin\IKVM.OpenJDK.XML.Bind.dll = ikvm-8.1.5561\bin\IKVM.OpenJDK.XML.Bind.dll
		ikvm-8.1.5561\bin\IKVM.OpenJDK.XML.Crypto.dll = ikvm-8.1.5561\bin\IKVM.OpenJDK.XML.Crypto.dll
		ikvm-8.1.5561\bin\IKVM.OpenJDK.XML.Parse.dll = ikvm-8.1.5561\bin\IKVM.OpenJDK.XML.Parse.dll
		ikvm-8.1.5561\bin\IKVM.OpenJDK.XML.Transform.dll = ikvm-8.1.5561\bin\IKVM.OpenJDK.XML.Transform.dll
		ikvm-8.1.5561\bin\IKVM.OpenJDK.XML.WebServices.dll = ikvm-8.1.5561\bin\IKVM.OpenJDK.XML.WebServices.dll
		ikvm-8.1.5561\bin\IKVM.OpenJDK.XML.XPath.dll = ikvm-8.1.5561\bin\IKVM.OpenJDK.XML.XPath.dll
		ikvm-8.1.5561\bin\IKVM.Reflection.dll = ikvm-8.1.5561\bin\IKVM.Reflection.dll
		ikvm-8.1.5561\bin\IKVM.Runtime.dll = ikvm-8.1.5561\bin\IKVM.Runtime.dll
		ikvm-8.1.5561\bin\IKVM.Runtime.JNI.dll = ikvm-8.1.5561\bin\IKVM.Runtime.JNI.dll
		ikvm-8.1.5561\bin\ikvmc.exe = ikvm-8.1.5561\bin\ikvmc.exe
		ikvm-8.1.5561\bin\ikvmc.exe.config = ikvm-8.1.5561\bin\ikvmc.exe.config
		ikvm-8.1.5561\bin\ikvmstub.exe = ikvm-8.1.5561\bin\ikvmstub.exe
		ikvm-8.1.5561\bin\ikvmstub.exe.config = ikvm-8.1.5561\bin\ikvmstub.exe.config
	EndProjectSection
EndProject
Project("{2150E333-8FDC-42A3-9474-1A3956D46DE8}") = "bin-x64", "bin-x64", "{D83C0B5C-C4C1-4B7D-8042-1BBDB81BCA22}"
	ProjectSection(SolutionItems) = preProject
		ikvm-8.1.5561\bin-x64\JVM.DLL = ikvm-8.1.5561\bin-x64\JVM.DLL
		ikvm-8.1.5561\bin-x64\README = ikvm-8.1.5561\bin-x64\README
	EndProjectSection
EndProject
Project("{2150E333-8FDC-42A3-9474-1A3956D46DE8}") = "bin-x86", "bin-x86", "{E5B09795-86B3-4A8B-A5A3-5420F96A1D44}"
	ProjectSection(SolutionItems) = preProject
		ikvm-8.1.5561\bin-x86\JVM.DLL = ikvm-8.1.5561\bin-x86\JVM.DLL
		ikvm-8.1.5561\bin-x86\README = ikvm-8.1.5561\bin-x86\README
	EndProjectSection
EndProject
Project("{2150E333-8FDC-42A3-9474-1A3956D46DE8}") = "lib", "lib", "{A2A5DEB4-E6EE-4C96-89DA-570D8A2F7AC7}"
	ProjectSection(SolutionItems) = preProject
		ikvm-8.1.5561\lib\ikvm-api.jar = ikvm-8.1.5561\lib\ikvm-api.jar
	EndProjectSection
EndProject
Project("{FAE04EC0-301F-11D3-BF4B-00C04F79EFBC}") = "Dsrv.Kernpruefung.Deuev.Android", "Dsrv.Kernpruefung.Deuev.Android\Dsrv.Kernpruefung.Deuev.Android.csproj", "{CB5E2BD8-3B89-4D59-B175-35F9F8DEF10B}"
EndProject
Global
	GlobalSection(SolutionConfigurationPlatforms) = preSolution
		Debug|Any CPU = Debug|Any CPU
		Release|Any CPU = Release|Any CPU
	EndGlobalSection
	GlobalSection(ProjectConfigurationPlatforms) = postSolution
		{CB5E2BD8-3B89-4D59-B175-35F9F8DEF10B}.Debug|Any CPU.ActiveCfg = Debug|Any CPU
		{CB5E2BD8-3B89-4D59-B175-35F9F8DEF10B}.Debug|Any CPU.Build.0 = Debug|Any CPU
		{CB5E2BD8-3B89-4D59-B175-35F9F8DEF10B}.Release|Any CPU.ActiveCfg = Release|Any CPU
		{CB5E2BD8-3B89-4D59-B175-35F9F8DEF10B}.Release|Any CPU.Build.0 = Release|Any CPU
	EndGlobalSection
	GlobalSection(SolutionProperties) = preSolution
		HideSolutionNode = FALSE
	EndGlobalSection
	GlobalSection(NestedProjects) = preSolution
		{80C5335C-6262-4A50-B4C4-CFF46F4AD2C7} = {B9950EBD-1DA8-495F-B4EE-ACE590F98553}
		{D83C0B5C-C4C1-4B7D-8042-1BBDB81BCA22} = {B9950EBD-1DA8-495F-B4EE-ACE590F98553}
		{E5B09795-86B3-4A8B-A5A3-5420F96A1D44} = {B9950EBD-1DA8-495F-B4EE-ACE590F98553}
		{A2A5DEB4-E6EE-4C96-89DA-570D8A2F7AC7} = {B9950EBD-1DA8-495F-B4EE-ACE590F98553}
	EndGlobalSection
EndGlobal
